// !$*UTF8*$!
{
	archiveVersion = 1;
	classes = {
	};
	objectVersion = 46;
	objects = {

/* Begin PBXBuildFile section */
		4B6194DF1E3F91C3004DDC09 /* AppDelegate.swift in Sources */ = {isa = PBXBuildFile; fileRef = 4B6194DE1E3F91C3004DDC09 /* AppDelegate.swift */; };
		4B6194E11E3F91C3004DDC09 /* ViewController.swift in Sources */ = {isa = PBXBuildFile; fileRef = 4B6194E01E3F91C3004DDC09 /* ViewController.swift */; };
		4B6194E41E3F91C3004DDC09 /* Main.storyboard in Resources */ = {isa = PBXBuildFile; fileRef = 4B6194E21E3F91C3004DDC09 /* Main.storyboard */; };
		4B6194E61E3F91C3004DDC09 /* Assets.xcassets in Resources */ = {isa = PBXBuildFile; fileRef = 4B6194E51E3F91C3004DDC09 /* Assets.xcassets */; };
		4B6194E91E3F91C3004DDC09 /* LaunchScreen.storyboard in Resources */ = {isa = PBXBuildFile; fileRef = 4B6194E71E3F91C3004DDC09 /* LaunchScreen.storyboard */; };
		4B6194F41E3F91C3004DDC09 /* goodcalTests.swift in Sources */ = {isa = PBXBuildFile; fileRef = 4B6194F31E3F91C3004DDC09 /* goodcalTests.swift */; };
		4B6194FF1E3F91C3004DDC09 /* goodcalUITests.swift in Sources */ = {isa = PBXBuildFile; fileRef = 4B6194FE1E3F91C3004DDC09 /* goodcalUITests.swift */; };
/* End PBXBuildFile section */

/* Begin PBXContainerItemProxy section */
		4B6194F01E3F91C3004DDC09 /* PBXContainerItemProxy */ = {
			isa = PBXContainerItemProxy;
			containerPortal = 4B6194D31E3F91C3004DDC09 /* Project object */;
			proxyType = 1;
			remoteGlobalIDString = 4B6194DA1E3F91C3004DDC09;
			remoteInfo = goodcal;
		};
		4B6194FB1E3F91C3004DDC09 /* PBXContainerItemProxy */ = {
			isa = PBXContainerItemProxy;
			containerPortal = 4B6194D31E3F91C3004DDC09 /* Project object */;
			proxyType = 1;
			remoteGlobalIDString = 4B6194DA1E3F91C3004DDC09;
			remoteInfo = goodcal;
		};
/* End PBXContainerItemProxy section */

/* Begin PBXFileReference section */
		4B6194DB1E3F91C3004DDC09 /* goodcal.app */ = {isa = PBXFileReference; explicitFileType = wrapper.application; includeInIndex = 0; path = goodcal.app; sourceTree = BUILT_PRODUCTS_DIR; };
		4B6194DE1E3F91C3004DDC09 /* AppDelegate.swift */ = {isa = PBXFileReference; lastKnownFileType = sourcecode.swift; path = AppDelegate.swift; sourceTree = "<group>"; };
		4B6194E01E3F91C3004DDC09 /* ViewController.swift */ = {isa = PBXFileReference; lastKnownFileType = sourcecode.swift; path = ViewController.swift; sourceTree = "<group>"; };
		4B6194E31E3F91C3004DDC09 /* Base */ = {isa = PBXFileReference; lastKnownFileType = file.storyboard; name = Base; path = Base.lproj/Main.storyboard; sourceTree = "<group>"; };
		4B6194E51E3F91C3004DDC09 /* Assets.xcassets */ = {isa = PBXFileReference; lastKnownFileType = folder.assetcatalog; path = Assets.xcassets; sourceTree = "<group>"; };
		4B6194E81E3F91C3004DDC09 /* Base */ = {isa = PBXFileReference; lastKnownFileType = file.storyboard; name = Base; path = Base.lproj/LaunchScreen.storyboard; sourceTree = "<group>"; };
		4B6194EA1E3F91C3004DDC09 /* Info.plist */ = {isa = PBXFileReference; lastKnownFileType = text.plist.xml; path = Info.plist; sourceTree = "<group>"; };
		4B6194EF1E3F91C3004DDC09 /* goodcalTests.xctest */ = {isa = PBXFileReference; explicitFileType = wrapper.cfbundle; includeInIndex = 0; path = goodcalTests.xctest; sourceTree = BUILT_PRODUCTS_DIR; };
		4B6194F31E3F91C3004DDC09 /* goodcalTests.swift */ = {isa = PBXFileReference; lastKnownFileType = sourcecode.swift; path = goodcalTests.swift; sourceTree = "<group>"; };
		4B6194F51E3F91C3004DDC09 /* Info.plist */ = {isa = PBXFileReference; lastKnownFileType = text.plist.xml; path = Info.plist; sourceTree = "<group>"; };
		4B6194FA1E3F91C3004DDC09 /* goodcalUITests.xctest */ = {isa = PBXFileReference; explicitFileType = wrapper.cfbundle; includeInIndex = 0; path = goodcalUITests.xctest; sourceTree = BUILT_PRODUCTS_DIR; };
		4B6194FE1E3F91C3004DDC09 /* goodcalUITests.swift */ = {isa = PBXFileReference; lastKnownFileType = sourcecode.swift; path = goodcalUITests.swift; sourceTree = "<group>"; };
		4B6195001E3F91C3004DDC09 /* Info.plist */ = {isa = PBXFileReference; lastKnownFileType = text.plist.xml; path = Info.plist; sourceTree = "<group>"; };
/* End PBXFileReference section */

/* Begin PBXFrameworksBuildPhase section */
		4B6194D81E3F91C3004DDC09 /* Frameworks */ = {
			isa = PBXFrameworksBuildPhase;
			buildActionMask = 2147483647;
			files = (
			);
			runOnlyForDeploymentPostprocessing = 0;
		};
		4B6194EC1E3F91C3004DDC09 /* Frameworks */ = {
			isa = PBXFrameworksBuildPhase;
			buildActionMask = 2147483647;
			files = (
			);
			runOnlyForDeploymentPostprocessing = 0;
		};
		4B6194F71E3F91C3004DDC09 /* Frameworks */ = {
			isa = PBXFrameworksBuildPhase;
			buildActionMask = 2147483647;
			files = (
			);
			runOnlyForDeploymentPostprocessing = 0;
		};
/* End PBXFrameworksBuildPhase section */

/* Begin PBXGroup section */
		4B6194D21E3F91C3004DDC09 = {
			isa = PBXGroup;
			children = (
				4B6194DD1E3F91C3004DDC09 /* goodcal */,
				4B6194F21E3F91C3004DDC09 /* goodcalTests */,
				4B6194FD1E3F91C3004DDC09 /* goodcalUITests */,
				4B6194DC1E3F91C3004DDC09 /* Products */,
			);
			sourceTree = "<group>";
		};
		4B6194DC1E3F91C3004DDC09 /* Products */ = {
			isa = PBXGroup;
			children = (
				4B6194DB1E3F91C3004DDC09 /* goodcal.app */,
				4B6194EF1E3F91C3004DDC09 /* goodcalTests.xctest */,
				4B6194FA1E3F91C3004DDC09 /* goodcalUITests.xctest */,
			);
			name = Products;
			sourceTree = "<group>";
		};
		4B6194DD1E3F91C3004DDC09 /* goodcal */ = {
			isa = PBXGroup;
			children = (
				4B6194DE1E3F91C3004DDC09 /* AppDelegate.swift */,
				4B6194E01E3F91C3004DDC09 /* ViewController.swift */,
				4B6194E21E3F91C3004DDC09 /* Main.storyboard */,
				4B6194E51E3F91C3004DDC09 /* Assets.xcassets */,
				4B6194E71E3F91C3004DDC09 /* LaunchScreen.storyboard */,
				4B6194EA1E3F91C3004DDC09 /* Info.plist */,
			);
			path = goodcal;
			sourceTree = "<group>";
		};
		4B6194F21E3F91C3004DDC09 /* goodcalTests */ = {
			isa = PBXGroup;
			children = (
				4B6194F31E3F91C3004DDC09 /* goodcalTests.swift */,
				4B6194F51E3F91C3004DDC09 /* Info.plist */,
			);
			path = goodcalTests;
			sourceTree = "<group>";
		};
		4B6194FD1E3F91C3004DDC09 /* goodcalUITests */ = {
			isa = PBXGroup;
			children = (
				4B6194FE1E3F91C3004DDC09 /* goodcalUITests.swift */,
				4B6195001E3F91C3004DDC09 /* Info.plist */,
			);
			path = goodcalUITests;
			sourceTree = "<group>";
		};
/* End PBXGroup section */

/* Begin PBXNativeTarget section */
		4B6194DA1E3F91C3004DDC09 /* goodcal */ = {
			isa = PBXNativeTarget;
			buildConfigurationList = 4B6195031E3F91C3004DDC09 /* Build configuration list for PBXNativeTarget "goodcal" */;
			buildPhases = (
				4B6194D71E3F91C3004DDC09 /* Sources */,
				4B6194D81E3F91C3004DDC09 /* Frameworks */,
				4B6194D91E3F91C3004DDC09 /* Resources */,
			);
			buildRules = (
			);
			dependencies = (
			);
			name = goodcal;
			productName = goodcal;
			productReference = 4B6194DB1E3F91C3004DDC09 /* goodcal.app */;
			productType = "com.apple.product-type.application";
		};
		4B6194EE1E3F91C3004DDC09 /* goodcalTests */ = {
			isa = PBXNativeTarget;
			buildConfigurationList = 4B6195061E3F91C3004DDC09 /* Build configuration list for PBXNativeTarget "goodcalTests" */;
			buildPhases = (
				4B6194EB1E3F91C3004DDC09 /* Sources */,
				4B6194EC1E3F91C3004DDC09 /* Frameworks */,
				4B6194ED1E3F91C3004DDC09 /* Resources */,
			);
			buildRules = (
			);
			dependencies = (
				4B6194F11E3F91C3004DDC09 /* PBXTargetDependency */,
			);
			name = goodcalTests;
			productName = goodcalTests;
			productReference = 4B6194EF1E3F91C3004DDC09 /* goodcalTests.xctest */;
			productType = "com.apple.product-type.bundle.unit-test";
		};
		4B6194F91E3F91C3004DDC09 /* goodcalUITests */ = {
			isa = PBXNativeTarget;
			buildConfigurationList = 4B6195091E3F91C3004DDC09 /* Build configuration list for PBXNativeTarget "goodcalUITests" */;
			buildPhases = (
				4B6194F61E3F91C3004DDC09 /* Sources */,
				4B6194F71E3F91C3004DDC09 /* Frameworks */,
				4B6194F81E3F91C3004DDC09 /* Resources */,
			);
			buildRules = (
			);
			dependencies = (
				4B6194FC1E3F91C3004DDC09 /* PBXTargetDependency */,
			);
			name = goodcalUITests;
			productName = goodcalUITests;
			productReference = 4B6194FA1E3F91C3004DDC09 /* goodcalUITests.xctest */;
			productType = "com.apple.product-type.bundle.ui-testing";
		};
/* End PBXNativeTarget section */

/* Begin PBXProject section */
		4B6194D31E3F91C3004DDC09 /* Project object */ = {
			isa = PBXProject;
			attributes = {
				LastSwiftUpdateCheck = 0730;
				LastUpgradeCheck = 0730;
				ORGANIZATIONNAME = "Sureena Wadhwa";
				TargetAttributes = {
					4B6194DA1E3F91C3004DDC09 = {
						CreatedOnToolsVersion = 7.3.1;
					};
					4B6194EE1E3F91C3004DDC09 = {
						CreatedOnToolsVersion = 7.3.1;
						TestTargetID = 4B6194DA1E3F91C3004DDC09;
					};
					4B6194F91E3F91C3004DDC09 = {
						CreatedOnToolsVersion = 7.3.1;
						TestTargetID = 4B6194DA1E3F91C3004DDC09;
					};
				};
			};
			buildConfigurationList = 4B6194D61E3F91C3004DDC09 /* Build configuration list for PBXProject "goodcal" */;
			compatibilityVersion = "Xcode 3.2";
			developmentRegion = English;
			hasScannedForEncodings = 0;
			knownRegions = (
				en,
				Base,
			);
			mainGroup = 4B6194D21E3F91C3004DDC09;
			productRefGroup = 4B6194DC1E3F91C3004DDC09 /* Products */;
			projectDirPath = "";
			projectRoot = "";
			targets = (
				4B6194DA1E3F91C3004DDC09 /* goodcal */,
				4B6194EE1E3F91C3004DDC09 /* goodcalTests */,
				4B6194F91E3F91C3004DDC09 /* goodcalUITests */,
			);
		};
/* End PBXProject section */

/* Begin PBXResourcesBuildPhase section */
		4B6194D91E3F91C3004DDC09 /* Resources */ = {
			isa = PBXResourcesBuildPhase;
			buildActionMask = 2147483647;
			files = (
				4B6194E91E3F91C3004DDC09 /* LaunchScreen.storyboard in Resources */,
				4B6194E61E3F91C3004DDC09 /* Assets.xcassets in Resources */,
				4B6194E41E3F91C3004DDC09 /* Main.storyboard in Resources */,
			);
			runOnlyForDeploymentPostprocessing = 0;
		};
		4B6194ED1E3F91C3004DDC09 /* Resources */ = {
			isa = PBXResourcesBuildPhase;
			buildActionMask = 2147483647;
			files = (
			);
			runOnlyForDeploymentPostprocessing = 0;
		};
		4B6194F81E3F91C3004DDC09 /* Resources */ = {
			isa = PBXResourcesBuildPhase;
			buildActionMask = 2147483647;
			files = (
			);
			runOnlyForDeploymentPostprocessing = 0;
		};
/* End PBXResourcesBuildPhase section */

/* Begin PBXSourcesBuildPhase section */
		4B6194D71E3F91C3004DDC09 /* Sources */ = {
			isa = PBXSourcesBuildPhase;
			buildActionMask = 2147483647;
			files = (
				4B6194E11E3F91C3004DDC09 /* ViewController.swift in Sources */,
				4B6194DF1E3F91C3004DDC09 /* AppDelegate.swift in Sources */,
			);
			runOnlyForDeploymentPostprocessing = 0;
		};
		4B6194EB1E3F91C3004DDC09 /* Sources */ = {
			isa = PBXSourcesBuildPhase;
			buildActionMask = 2147483647;
			files = (
				4B6194F41E3F91C3004DDC09 /* goodcalTests.swift in Sources */,
			);
			runOnlyForDeploymentPostprocessing = 0;
		};
		4B6194F61E3F91C3004DDC09 /* Sources */ = {
			isa = PBXSourcesBuildPhase;
			buildActionMask = 2147483647;
			files = (
				4B6194FF1E3F91C3004DDC09 /* goodcalUITests.swift in Sources */,
			);
			runOnlyForDeploymentPostprocessing = 0;
		};
/* End PBXSourcesBuildPhase section */

/* Begin PBXTargetDependency section */
		4B6194F11E3F91C3004DDC09 /* PBXTargetDependency */ = {
			isa = PBXTargetDependency;
			target = 4B6194DA1E3F91C3004DDC09 /* goodcal */;
			targetProxy = 4B6194F01E3F91C3004DDC09 /* PBXContainerItemProxy */;
		};
		4B6194FC1E3F91C3004DDC09 /* PBXTargetDependency */ = {
			isa = PBXTargetDependency;
			target = 4B6194DA1E3F91C3004DDC09 /* goodcal */;
			targetProxy = 4B6194FB1E3F91C3004DDC09 /* PBXContainerItemProxy */;
		};
/* End PBXTargetDependency section */

/* Begin PBXVariantGroup section */
		4B6194E21E3F91C3004DDC09 /* Main.storyboard */ = {
			isa = PBXVariantGroup;
			children = (
				4B6194E31E3F91C3004DDC09 /* Base */,
			);
			name = Main.storyboard;
			sourceTree = "<group>";
		};
		4B6194E71E3F91C3004DDC09 /* LaunchScreen.storyboard */ = {
			isa = PBXVariantGroup;
			children = (
				4B6194E81E3F91C3004DDC09 /* Base */,
			);
			name = LaunchScreen.storyboard;
			sourceTree = "<group>";
		};
/* End PBXVariantGroup section */

/* Begin XCBuildConfiguration section */
		4B6195011E3F91C3004DDC09 /* Debug */ = {
			isa = XCBuildConfiguration;
			buildSettings = {
				ALWAYS_SEARCH_USER_PATHS = NO;
				CLANG_ANALYZER_NONNULL = YES;
				CLANG_CXX_LANGUAGE_STANDARD = "gnu++0x";
				CLANG_CXX_LIBRARY = "libc++";
				CLANG_ENABLE_MODULES = YES;
				CLANG_ENABLE_OBJC_ARC = YES;
				CLANG_WARN_BOOL_CONVERSION = YES;
				CLANG_WARN_CONSTANT_CONVERSION = YES;
				CLANG_WARN_DIRECT_OBJC_ISA_USAGE = YES_ERROR;
				CLANG_WARN_EMPTY_BODY = YES;
				CLANG_WARN_ENUM_CONVERSION = YES;
				CLANG_WARN_INT_CONVERSION = YES;
				CLANG_WARN_OBJC_ROOT_CLASS = YES_ERROR;
				CLANG_WARN_UNREACHABLE_CODE = YES;
				CLANG_WARN__DUPLICATE_METHOD_MATCH = YES;
				"CODE_SIGN_IDENTITY[sdk=iphoneos*]" = "iPhone Developer";
				COPY_PHASE_STRIP = NO;
				DEBUG_INFORMATION_FORMAT = dwarf;
				ENABLE_STRICT_OBJC_MSGSEND = YES;
				ENABLE_TESTABILITY = YES;
				GCC_C_LANGUAGE_STANDARD = gnu99;
				GCC_DYNAMIC_NO_PIC = NO;
				GCC_NO_COMMON_BLOCKS = YES;
				GCC_OPTIMIZATION_LEVEL = 0;
				GCC_PREPROCESSOR_DEFINITIONS = (
					"DEBUG=1",
					"$(inherited)",
				);
				GCC_WARN_64_TO_32_BIT_CONVERSION = YES;
				GCC_WARN_ABOUT_RETURN_TYPE = YES_ERROR;
				GCC_WARN_UNDECLARED_SELECTOR = YES;
				GCC_WARN_UNINITIALIZED_AUTOS = YES_AGGRESSIVE;
				GCC_WARN_UNUSED_FUNCTION = YES;
				GCC_WARN_UNUSED_VARIABLE = YES;
				IPHONEOS_DEPLOYMENT_TARGET = 9.3;
				MTL_ENABLE_DEBUG_INFO = YES;
				ONLY_ACTIVE_ARCH = YES;
				SDKROOT = iphoneos;
				SWIFT_OPTIMIZATION_LEVEL = "-Onone";
			};
			name = Debug;
		};
		4B6195021E3F91C3004DDC09 /* Release */ = {
			isa = XCBuildConfiguration;
			buildSettings = {
				ALWAYS_SEARCH_USER_PATHS = NO;
				CLANG_ANALYZER_NONNULL = YES;
				CLANG_CXX_LANGUAGE_STANDARD = "gnu++0x";
				CLANG_CXX_LIBRARY = "libc++";
				CLANG_ENABLE_MODULES = YES;
				CLANG_ENABLE_OBJC_ARC = YES;
				CLANG_WARN_BOOL_CONVERSION = YES;
				CLANG_WARN_CONSTANT_CONVERSION = YES;
				CLANG_WARN_DIRECT_OBJC_ISA_USAGE = YES_ERROR;
				CLANG_WARN_EMPTY_BODY = YES;
				CLANG_WARN_ENUM_CONVERSION = YES;
				CLANG_WARN_INT_CONVERSION = YES;
				CLANG_WARN_OBJC_ROOT_CLASS = YES_ERROR;
				CLANG_WARN_UNREACHABLE_CODE = YES;
				CLANG_WARN__DUPLICATE_METHOD_MATCH = YES;
				"CODE_SIGN_IDENTITY[sdk=iphoneos*]" = "iPhone Developer";
				COPY_PHASE_STRIP = NO;
				DEBUG_INFORMATION_FORMAT = "dwarf-with-dsym";
				ENABLE_NS_ASSERTIONS = NO;
				ENABLE_STRICT_OBJC_MSGSEND = YES;
				GCC_C_LANGUAGE_STANDARD = gnu99;
				GCC_NO_COMMON_BLOCKS = YES;
				GCC_WARN_64_TO_32_BIT_CONVERSION = YES;
				GCC_WARN_ABOUT_RETURN_TYPE = YES_ERROR;
				GCC_WARN_UNDECLARED_SELECTOR = YES;
				GCC_WARN_UNINITIALIZED_AUTOS = YES_AGGRESSIVE;
				GCC_WARN_UNUSED_FUNCTION = YES;
				GCC_WARN_UNUSED_VARIABLE = YES;
				IPHONEOS_DEPLOYMENT_TARGET = 9.3;
				MTL_ENABLE_DEBUG_INFO = NO;
				SDKROOT = iphoneos;
				VALIDATE_PRODUCT = YES;
			};
			name = Release;
		};
		4B6195041E3F91C3004DDC09 /* Debug */ = {
			isa = XCBuildConfiguration;
			buildSettings = {
				ASSETCATALOG_COMPILER_APPICON_NAME = AppIcon;
				INFOPLIST_FILE = goodcal/Info.plist;
				LD_RUNPATH_SEARCH_PATHS = "$(inherited) @executable_path/Frameworks";
				PRODUCT_BUNDLE_IDENTIFIER = com.sureenawadhwa.goodcal;
				PRODUCT_NAME = "$(TARGET_NAME)";
			};
			name = Debug;
		};
		4B6195051E3F91C3004DDC09 /* Release */ = {
			isa = XCBuildConfiguration;
			buildSettings = {
				ASSETCATALOG_COMPILER_APPICON_NAME = AppIcon;
				INFOPLIST_FILE = goodcal/Info.plist;
				LD_RUNPATH_SEARCH_PATHS = "$(inherited) @executable_path/Frameworks";
				PRODUCT_BUNDLE_IDENTIFIER = com.sureenawadhwa.goodcal;
				PRODUCT_NAME = "$(TARGET_NAME)";
			};
			name = Release;
		};
		4B6195071E3F91C3004DDC09 /* Debug */ = {
			isa = XCBuildConfiguration;
			buildSettings = {
				BUNDLE_LOADER = "$(TEST_HOST)";
				INFOPLIST_FILE = goodcalTests/Info.plist;
				LD_RUNPATH_SEARCH_PATHS = "$(inherited) @executable_path/Frameworks @loader_path/Frameworks";
				PRODUCT_BUNDLE_IDENTIFIER = com.sureenawadhwa.goodcalTests;
				PRODUCT_NAME = "$(TARGET_NAME)";
				TEST_HOST = "$(BUILT_PRODUCTS_DIR)/goodcal.app/goodcal";
			};
			name = Debug;
		};
		4B6195081E3F91C3004DDC09 /* Release */ = {
			isa = XCBuildConfiguration;
			buildSettings = {
				BUNDLE_LOADER = "$(TEST_HOST)";
				INFOPLIST_FILE = goodcalTests/Info.plist;
				LD_RUNPATH_SEARCH_PATHS = "$(inherited) @executable_path/Frameworks @loader_path/Frameworks";
				PRODUCT_BUNDLE_IDENTIFIER = com.sureenawadhwa.goodcalTests;
				PRODUCT_NAME = "$(TARGET_NAME)";
				TEST_HOST = "$(BUILT_PRODUCTS_DIR)/goodcal.app/goodcal";
			};
			name = Release;
		};
		4B61950A1E3F91C3004DDC09 /* Debug */ = {
			isa = XCBuildConfiguration;
			buildSettings = {
				INFOPLIST_FILE = goodcalUITests/Info.plist;
				LD_RUNPATH_SEARCH_PATHS = "$(inherited) @executable_path/Frameworks @loader_path/Frameworks";
				PRODUCT_BUNDLE_IDENTIFIER = com.sureenawadhwa.goodcalUITests;
				PRODUCT_NAME = "$(TARGET_NAME)";
				TEST_TARGET_NAME = goodcal;
			};
			name = Debug;
		};
		4B61950B1E3F91C3004DDC09 /* Release */ = {
			isa = XCBuildConfiguration;
			buildSettings = {
				INFOPLIST_FILE = goodcalUITests/Info.plist;
				LD_RUNPATH_SEARCH_PATHS = "$(inherited) @executable_path/Frameworks @loader_path/Frameworks";
				PRODUCT_BUNDLE_IDENTIFIER = com.sureenawadhwa.goodcalUITests;
				PRODUCT_NAME = "$(TARGET_NAME)";
				TEST_TARGET_NAME = goodcal;
			};
			name = Release;
		};
/* End XCBuildConfiguration section */

/* Begin XCConfigurationList section */
		4B6194D61E3F91C3004DDC09 /* Build configuration list for PBXProject "goodcal" */ = {
			isa = XCConfigurationList;
			buildConfigurations = (
				4B6195011E3F91C3004DDC09 /* Debug */,
				4B6195021E3F91C3004DDC09 /* Release */,
			);
			defaultConfigurationIsVisible = 0;
			defaultConfigurationName = Release;
		};
		4B6195031E3F91C3004DDC09 /* Build configuration list for PBXNativeTarget "goodcal" */ = {
			isa = XCConfigurationList;
			buildConfigurations = (
				4B6195041E3F91C3004DDC09 /* Debug */,
				4B6195051E3F91C3004DDC09 /* Release */,
			);
			defaultConfigurationIsVisible = 0;
		};
		4B6195061E3F91C3004DDC09 /* Build configuration list for PBXNativeTarget "goodcalTests" */ = {
			isa = XCConfigurationList;
			buildConfigurations = (
				4B6195071E3F91C3004DDC09 /* Debug */,
				4B6195081E3F91C3004DDC09 /* Release */,
			);
			defaultConfigurationIsVisible = 0;
		};
		4B6195091E3F91C3004DDC09 /* Build configuration list for PBXNativeTarget "goodcalUITests" */ = {
			isa = XCConfigurationList;
			buildConfigurations = (
				4B61950A1E3F91C3004DDC09 /* Debug */,
				4B61950B1E3F91C3004DDC09 /* Release */,
			);
			defaultConfigurationIsVisible = 0;
		};
/* End XCConfigurationList section */
	};
	rootObject = 4B6194D31E3F91C3004DDC09 /* Project object */;
}
